// !$*UTF8*$!
{
	archiveVersion = 1;
	classes = {
	};
	objectVersion = 50;
	objects = {

/* Begin PBXBuildFile section */
		476816AD217E284B00DBE635 /* AppDelegate.swift in Sources */ = {isa = PBXBuildFile; fileRef = 476816AC217E284B00DBE635 /* AppDelegate.swift */; };
		476816B2217E284B00DBE635 /* Main.storyboard in Resources */ = {isa = PBXBuildFile; fileRef = 476816B0217E284B00DBE635 /* Main.storyboard */; };
		476816B4217E284F00DBE635 /* Assets.xcassets in Resources */ = {isa = PBXBuildFile; fileRef = 476816B3217E284F00DBE635 /* Assets.xcassets */; };
		476816B7217E284F00DBE635 /* LaunchScreen.storyboard in Resources */ = {isa = PBXBuildFile; fileRef = 476816B5217E284F00DBE635 /* LaunchScreen.storyboard */; };
		476816C7217E2E7300DBE635 /* InitialScreenExtension.swift in Sources */ = {isa = PBXBuildFile; fileRef = 476816C6217E2E7300DBE635 /* InitialScreenExtension.swift */; };
		476816C9217E2E8200DBE635 /* DetailScreenExtension.swift in Sources */ = {isa = PBXBuildFile; fileRef = 476816C8217E2E8200DBE635 /* DetailScreenExtension.swift */; };
		476816CB217E30AB00DBE635 /* FilmModel.swift in Sources */ = {isa = PBXBuildFile; fileRef = 476816CA217E30AB00DBE635 /* FilmModel.swift */; };
		47694AAE217E3376006CAEAE /* PersonModel.swift in Sources */ = {isa = PBXBuildFile; fileRef = 47694AAD217E3376006CAEAE /* PersonModel.swift */; };
		47694AB1217E343D006CAEAE /* FilmController.swift in Sources */ = {isa = PBXBuildFile; fileRef = 47694AB0217E343D006CAEAE /* FilmController.swift */; };
		47694AB4217E39DE006CAEAE /* StarWarsDetail.storyboard in Resources */ = {isa = PBXBuildFile; fileRef = 47694AB2217E39DE006CAEAE /* StarWarsDetail.storyboard */; };
		47694AB6217E44D7006CAEAE /* StarWarsFilmListTableViewController.swift in Sources */ = {isa = PBXBuildFile; fileRef = 47694AB5217E44D7006CAEAE /* StarWarsFilmListTableViewController.swift */; };
		47694AB8217E46F3006CAEAE /* StarWarsDetailTableViewController.swift in Sources */ = {isa = PBXBuildFile; fileRef = 47694AB7217E46F3006CAEAE /* StarWarsDetailTableViewController.swift */; };
		47694ABA217E5D61006CAEAE /* PeopleController.swift in Sources */ = {isa = PBXBuildFile; fileRef = 47694AB9217E5D61006CAEAE /* PeopleController.swift */; };
/* End PBXBuildFile section */

/* Begin PBXFileReference section */
		476816A9217E284B00DBE635 /* StarWarsAPI_iOS22.app */ = {isa = PBXFileReference; explicitFileType = wrapper.application; includeInIndex = 0; path = StarWarsAPI_iOS22.app; sourceTree = BUILT_PRODUCTS_DIR; };
		476816AC217E284B00DBE635 /* AppDelegate.swift */ = {isa = PBXFileReference; lastKnownFileType = sourcecode.swift; path = AppDelegate.swift; sourceTree = "<group>"; };
		476816B1217E284B00DBE635 /* Base */ = {isa = PBXFileReference; lastKnownFileType = file.storyboard; name = Base; path = Base.lproj/Main.storyboard; sourceTree = "<group>"; };
		476816B3217E284F00DBE635 /* Assets.xcassets */ = {isa = PBXFileReference; lastKnownFileType = folder.assetcatalog; path = Assets.xcassets; sourceTree = "<group>"; };
		476816B6217E284F00DBE635 /* Base */ = {isa = PBXFileReference; lastKnownFileType = file.storyboard; name = Base; path = Base.lproj/LaunchScreen.storyboard; sourceTree = "<group>"; };
		476816B8217E284F00DBE635 /* Info.plist */ = {isa = PBXFileReference; lastKnownFileType = text.plist.xml; path = Info.plist; sourceTree = "<group>"; };
		476816C6217E2E7300DBE635 /* InitialScreenExtension.swift */ = {isa = PBXFileReference; lastKnownFileType = sourcecode.swift; path = InitialScreenExtension.swift; sourceTree = "<group>"; };
		476816C8217E2E8200DBE635 /* DetailScreenExtension.swift */ = {isa = PBXFileReference; lastKnownFileType = sourcecode.swift; path = DetailScreenExtension.swift; sourceTree = "<group>"; };
		476816CA217E30AB00DBE635 /* FilmModel.swift */ = {isa = PBXFileReference; lastKnownFileType = sourcecode.swift; path = FilmModel.swift; sourceTree = "<group>"; };
		47694AAD217E3376006CAEAE /* PersonModel.swift */ = {isa = PBXFileReference; lastKnownFileType = sourcecode.swift; path = PersonModel.swift; sourceTree = "<group>"; };
		47694AB0217E343D006CAEAE /* FilmController.swift */ = {isa = PBXFileReference; lastKnownFileType = sourcecode.swift; path = FilmController.swift; sourceTree = "<group>"; };
		47694AB3217E39DE006CAEAE /* Base */ = {isa = PBXFileReference; lastKnownFileType = file.storyboard; name = Base; path = StarWarsAPI_iOS22/UI/StoryBoard/Base.lproj/StarWarsDetail.storyboard; sourceTree = "<group>"; };
		47694AB5217E44D7006CAEAE /* StarWarsFilmListTableViewController.swift */ = {isa = PBXFileReference; lastKnownFileType = sourcecode.swift; path = StarWarsFilmListTableViewController.swift; sourceTree = "<group>"; };
		47694AB7217E46F3006CAEAE /* StarWarsDetailTableViewController.swift */ = {isa = PBXFileReference; lastKnownFileType = sourcecode.swift; path = StarWarsDetailTableViewController.swift; sourceTree = "<group>"; };
		47694AB9217E5D61006CAEAE /* PeopleController.swift */ = {isa = PBXFileReference; lastKnownFileType = sourcecode.swift; path = PeopleController.swift; sourceTree = "<group>"; };
/* End PBXFileReference section */

/* Begin PBXFrameworksBuildPhase section */
		476816A6217E284B00DBE635 /* Frameworks */ = {
			isa = PBXFrameworksBuildPhase;
			buildActionMask = 2147483647;
			files = (
			);
			runOnlyForDeploymentPostprocessing = 0;
		};
/* End PBXFrameworksBuildPhase section */

/* Begin PBXGroup section */
		476816A0217E284B00DBE635 = {
			isa = PBXGroup;
			children = (
				476816AB217E284B00DBE635 /* StarWarsAPI_iOS22 */,
				476816AA217E284B00DBE635 /* Products */,
			);
			sourceTree = "<group>";
		};
		476816AA217E284B00DBE635 /* Products */ = {
			isa = PBXGroup;
			children = (
				476816A9217E284B00DBE635 /* StarWarsAPI_iOS22.app */,
			);
			name = Products;
			sourceTree = "<group>";
		};
		476816AB217E284B00DBE635 /* StarWarsAPI_iOS22 */ = {
			isa = PBXGroup;
			children = (
				476816C3217E2CC000DBE635 /* View */,
				476816C2217E2C9F00DBE635 /* ViewController */,
				476816C1217E2C9E00DBE635 /* ModelController */,
				476816C0217E2C9C00DBE635 /* Model */,
				476816BF217E2C9B00DBE635 /* UI */,
				476816BE217E2C9800DBE635 /* resources */,
			);
			path = StarWarsAPI_iOS22;
			sourceTree = "<group>";
		};
		476816BE217E2C9800DBE635 /* resources */ = {
			isa = PBXGroup;
			children = (
				476816AC217E284B00DBE635 /* AppDelegate.swift */,
				476816B3217E284F00DBE635 /* Assets.xcassets */,
				476816B8217E284F00DBE635 /* Info.plist */,
			);
			path = resources;
			sourceTree = "<group>";
		};
		476816BF217E2C9B00DBE635 /* UI */ = {
			isa = PBXGroup;
			children = (
				476816C5217E2E5600DBE635 /* StoryBoard */,
				476816C4217E2E5300DBE635 /* Extension */,
			);
			path = UI;
			sourceTree = "<group>";
		};
		476816C0217E2C9C00DBE635 /* Model */ = {
			isa = PBXGroup;
			children = (
				47694AAD217E3376006CAEAE /* PersonModel.swift */,
				476816CA217E30AB00DBE635 /* FilmModel.swift */,
			);
			path = Model;
			sourceTree = "<group>";
		};
		476816C1217E2C9E00DBE635 /* ModelController */ = {
			isa = PBXGroup;
			children = (
				47694AB0217E343D006CAEAE /* FilmController.swift */,
				47694AB9217E5D61006CAEAE /* PeopleController.swift */,
			);
			path = ModelController;
			sourceTree = "<group>";
		};
		476816C2217E2C9F00DBE635 /* ViewController */ = {
			isa = PBXGroup;
			children = (
				47694AB5217E44D7006CAEAE /* StarWarsFilmListTableViewController.swift */,
				47694AB7217E46F3006CAEAE /* StarWarsDetailTableViewController.swift */,
			);
			path = ViewController;
			sourceTree = "<group>";
		};
		476816C3217E2CC000DBE635 /* View */ = {
			isa = PBXGroup;
			children = (
			);
			path = View;
			sourceTree = "<group>";
		};
		476816C4217E2E5300DBE635 /* Extension */ = {
			isa = PBXGroup;
			children = (
				476816C6217E2E7300DBE635 /* InitialScreenExtension.swift */,
				476816C8217E2E8200DBE635 /* DetailScreenExtension.swift */,
			);
			path = Extension;
			sourceTree = "<group>";
		};
		476816C5217E2E5600DBE635 /* StoryBoard */ = {
			isa = PBXGroup;
			children = (
				476816B0217E284B00DBE635 /* Main.storyboard */,
				47694AB2217E39DE006CAEAE /* StarWarsDetail.storyboard */,
				476816B5217E284F00DBE635 /* LaunchScreen.storyboard */,
			);
			path = StoryBoard;
			sourceTree = "<group>";
		};
/* End PBXGroup section */

/* Begin PBXNativeTarget section */
		476816A8217E284B00DBE635 /* StarWarsAPI_iOS22 */ = {
			isa = PBXNativeTarget;
			buildConfigurationList = 476816BB217E284F00DBE635 /* Build configuration list for PBXNativeTarget "StarWarsAPI_iOS22" */;
			buildPhases = (
				476816A5217E284B00DBE635 /* Sources */,
				476816A6217E284B00DBE635 /* Frameworks */,
				476816A7217E284B00DBE635 /* Resources */,
			);
			buildRules = (
			);
			dependencies = (
			);
			name = StarWarsAPI_iOS22;
			productName = StarWarsAPI_iOS22;
			productReference = 476816A9217E284B00DBE635 /* StarWarsAPI_iOS22.app */;
			productType = "com.apple.product-type.application";
		};
/* End PBXNativeTarget section */

/* Begin PBXProject section */
		476816A1217E284B00DBE635 /* Project object */ = {
			isa = PBXProject;
			attributes = {
				LastSwiftUpdateCheck = 1000;
				LastUpgradeCheck = 1000;
				ORGANIZATIONNAME = ramcomw;
				TargetAttributes = {
					476816A8217E284B00DBE635 = {
						CreatedOnToolsVersion = 10.0;
					};
				};
			};
			buildConfigurationList = 476816A4217E284B00DBE635 /* Build configuration list for PBXProject "StarWarsAPI_iOS22" */;
			compatibilityVersion = "Xcode 9.3";
			developmentRegion = en;
			hasScannedForEncodings = 0;
			knownRegions = (
				en,
				Base,
			);
			mainGroup = 476816A0217E284B00DBE635;
			productRefGroup = 476816AA217E284B00DBE635 /* Products */;
			projectDirPath = "";
			projectRoot = "";
			targets = (
				476816A8217E284B00DBE635 /* StarWarsAPI_iOS22 */,
			);
		};
/* End PBXProject section */

/* Begin PBXResourcesBuildPhase section */
		476816A7217E284B00DBE635 /* Resources */ = {
			isa = PBXResourcesBuildPhase;
			buildActionMask = 2147483647;
			files = (
				476816B7217E284F00DBE635 /* LaunchScreen.storyboard in Resources */,
				476816B4217E284F00DBE635 /* Assets.xcassets in Resources */,
				47694AB4217E39DE006CAEAE /* StarWarsDetail.storyboard in Resources */,
				476816B2217E284B00DBE635 /* Main.storyboard in Resources */,
			);
			runOnlyForDeploymentPostprocessing = 0;
		};
/* End PBXResourcesBuildPhase section */

/* Begin PBXSourcesBuildPhase section */
		476816A5217E284B00DBE635 /* Sources */ = {
			isa = PBXSourcesBuildPhase;
			buildActionMask = 2147483647;
			files = (
				476816C7217E2E7300DBE635 /* InitialScreenExtension.swift in Sources */,
				476816C9217E2E8200DBE635 /* DetailScreenExtension.swift in Sources */,
				47694AAE217E3376006CAEAE /* PersonModel.swift in Sources */,
				47694AB8217E46F3006CAEAE /* StarWarsDetailTableViewController.swift in Sources */,
				476816AD217E284B00DBE635 /* AppDelegate.swift in Sources */,
				47694AB6217E44D7006CAEAE /* StarWarsFilmListTableViewController.swift in Sources */,
				476816CB217E30AB00DBE635 /* FilmModel.swift in Sources */,
				47694AB1217E343D006CAEAE /* FilmController.swift in Sources */,
				47694ABA217E5D61006CAEAE /* PeopleController.swift in Sources */,
			);
			runOnlyForDeploymentPostprocessing = 0;
		};
/* End PBXSourcesBuildPhase section */

/* Begin PBXVariantGroup section */
		476816B0217E284B00DBE635 /* Main.storyboard */ = {
			isa = PBXVariantGroup;
			children = (
				476816B1217E284B00DBE635 /* Base */,
			);
			name = Main.storyboard;
			sourceTree = "<group>";
		};
		476816B5217E284F00DBE635 /* LaunchScreen.storyboard */ = {
			isa = PBXVariantGroup;
			children = (
				476816B6217E284F00DBE635 /* Base */,
			);
			name = LaunchScreen.storyboard;
			sourceTree = "<group>";
		};
		47694AB2217E39DE006CAEAE /* StarWarsDetail.storyboard */ = {
			isa = PBXVariantGroup;
			children = (
				47694AB3217E39DE006CAEAE /* Base */,
			);
			name = StarWarsDetail.storyboard;
			sourceTree = "<group>";
		};
/* End PBXVariantGroup section */

/* Begin XCBuildConfiguration section */
		476816B9217E284F00DBE635 /* Debug */ = {
			isa = XCBuildConfiguration;
			buildSettings = {
				ALWAYS_SEARCH_USER_PATHS = NO;
				CLANG_ANALYZER_NONNULL = YES;
				CLANG_ANALYZER_NUMBER_OBJECT_CONVERSION = YES_AGGRESSIVE;
				CLANG_CXX_LANGUAGE_STANDARD = "gnu++14";
				CLANG_CXX_LIBRARY = "libc++";
				CLANG_ENABLE_MODULES = YES;
				CLANG_ENABLE_OBJC_ARC = YES;
				CLANG_ENABLE_OBJC_WEAK = YES;
				CLANG_WARN_BLOCK_CAPTURE_AUTORELEASING = YES;
				CLANG_WARN_BOOL_CONVERSION = YES;
				CLANG_WARN_COMMA = YES;
				CLANG_WARN_CONSTANT_CONVERSION = YES;
				CLANG_WARN_DEPRECATED_OBJC_IMPLEMENTATIONS = YES;
				CLANG_WARN_DIRECT_OBJC_ISA_USAGE = YES_ERROR;
				CLANG_WARN_DOCUMENTATION_COMMENTS = YES;
				CLANG_WARN_EMPTY_BODY = YES;
				CLANG_WARN_ENUM_CONVERSION = YES;
				CLANG_WARN_INFINITE_RECURSION = YES;
				CLANG_WARN_INT_CONVERSION = YES;
				CLANG_WARN_NON_LITERAL_NULL_CONVERSION = YES;
				CLANG_WARN_OBJC_IMPLICIT_RETAIN_SELF = YES;
				CLANG_WARN_OBJC_LITERAL_CONVERSION = YES;
				CLANG_WARN_OBJC_ROOT_CLASS = YES_ERROR;
				CLANG_WARN_RANGE_LOOP_ANALYSIS = YES;
				CLANG_WARN_STRICT_PROTOTYPES = YES;
				CLANG_WARN_SUSPICIOUS_MOVE = YES;
				CLANG_WARN_UNGUARDED_AVAILABILITY = YES_AGGRESSIVE;
				CLANG_WARN_UNREACHABLE_CODE = YES;
				CLANG_WARN__DUPLICATE_METHOD_MATCH = YES;
				CODE_SIGN_IDENTITY = "iPhone Developer";
				COPY_PHASE_STRIP = NO;
				DEBUG_INFORMATION_FORMAT = dwarf;
				ENABLE_STRICT_OBJC_MSGSEND = YES;
				ENABLE_TESTABILITY = YES;
				GCC_C_LANGUAGE_STANDARD = gnu11;
				GCC_DYNAMIC_NO_PIC = NO;
				GCC_NO_COMMON_BLOCKS = YES;
				GCC_OPTIMIZATION_LEVEL = 0;
				GCC_PREPROCESSOR_DEFINITIONS = (
					"DEBUG=1",
					"$(inherited)",
				);
				GCC_WARN_64_TO_32_BIT_CONVERSION = YES;
				GCC_WARN_ABOUT_RETURN_TYPE = YES_ERROR;
				GCC_WARN_UNDECLARED_SELECTOR = YES;
				GCC_WARN_UNINITIALIZED_AUTOS = YES_AGGRESSIVE;
				GCC_WARN_UNUSED_FUNCTION = YES;
				GCC_WARN_UNUSED_VARIABLE = YES;
				IPHONEOS_DEPLOYMENT_TARGET = 12.0;
				MTL_ENABLE_DEBUG_INFO = INCLUDE_SOURCE;
				MTL_FAST_MATH = YES;
				ONLY_ACTIVE_ARCH = YES;
				SDKROOT = iphoneos;
				SWIFT_ACTIVE_COMPILATION_CONDITIONS = DEBUG;
				SWIFT_OPTIMIZATION_LEVEL = "-Onone";
			};
			name = Debug;
		};
		476816BA217E284F00DBE635 /* Release */ = {
			isa = XCBuildConfiguration;
			buildSettings = {
				ALWAYS_SEARCH_USER_PATHS = NO;
				CLANG_ANALYZER_NONNULL = YES;
				CLANG_ANALYZER_NUMBER_OBJECT_CONVERSION = YES_AGGRESSIVE;
				CLANG_CXX_LANGUAGE_STANDARD = "gnu++14";
				CLANG_CXX_LIBRARY = "libc++";
				CLANG_ENABLE_MODULES = YES;
				CLANG_ENABLE_OBJC_ARC = YES;
				CLANG_ENABLE_OBJC_WEAK = YES;
				CLANG_WARN_BLOCK_CAPTURE_AUTORELEASING = YES;
				CLANG_WARN_BOOL_CONVERSION = YES;
				CLANG_WARN_COMMA = YES;
				CLANG_WARN_CONSTANT_CONVERSION = YES;
				CLANG_WARN_DEPRECATED_OBJC_IMPLEMENTATIONS = YES;
				CLANG_WARN_DIRECT_OBJC_ISA_USAGE = YES_ERROR;
				CLANG_WARN_DOCUMENTATION_COMMENTS = YES;
				CLANG_WARN_EMPTY_BODY = YES;
				CLANG_WARN_ENUM_CONVERSION = YES;
				CLANG_WARN_INFINITE_RECURSION = YES;
				CLANG_WARN_INT_CONVERSION = YES;
				CLANG_WARN_NON_LITERAL_NULL_CONVERSION = YES;
				CLANG_WARN_OBJC_IMPLICIT_RETAIN_SELF = YES;
				CLANG_WARN_OBJC_LITERAL_CONVERSION = YES;
				CLANG_WARN_OBJC_ROOT_CLASS = YES_ERROR;
				CLANG_WARN_RANGE_LOOP_ANALYSIS = YES;
				CLANG_WARN_STRICT_PROTOTYPES = YES;
				CLANG_WARN_SUSPICIOUS_MOVE = YES;
				CLANG_WARN_UNGUARDED_AVAILABILITY = YES_AGGRESSIVE;
				CLANG_WARN_UNREACHABLE_CODE = YES;
				CLANG_WARN__DUPLICATE_METHOD_MATCH = YES;
				CODE_SIGN_IDENTITY = "iPhone Developer";
				COPY_PHASE_STRIP = NO;
				DEBUG_INFORMATION_FORMAT = "dwarf-with-dsym";
				ENABLE_NS_ASSERTIONS = NO;
				ENABLE_STRICT_OBJC_MSGSEND = YES;
				GCC_C_LANGUAGE_STANDARD = gnu11;
				GCC_NO_COMMON_BLOCKS = YES;
				GCC_WARN_64_TO_32_BIT_CONVERSION = YES;
				GCC_WARN_ABOUT_RETURN_TYPE = YES_ERROR;
				GCC_WARN_UNDECLARED_SELECTOR = YES;
				GCC_WARN_UNINITIALIZED_AUTOS = YES_AGGRESSIVE;
				GCC_WARN_UNUSED_FUNCTION = YES;
				GCC_WARN_UNUSED_VARIABLE = YES;
				IPHONEOS_DEPLOYMENT_TARGET = 12.0;
				MTL_ENABLE_DEBUG_INFO = NO;
				MTL_FAST_MATH = YES;
				SDKROOT = iphoneos;
				SWIFT_COMPILATION_MODE = wholemodule;
				SWIFT_OPTIMIZATION_LEVEL = "-O";
				VALIDATE_PRODUCT = YES;
			};
			name = Release;
		};
		476816BC217E284F00DBE635 /* Debug */ = {
			isa = XCBuildConfiguration;
			buildSettings = {
				ASSETCATALOG_COMPILER_APPICON_NAME = AppIcon;
				CODE_SIGN_STYLE = Automatic;
				DEVELOPMENT_TEAM = L7AYJDAX2C;
				INFOPLIST_FILE = "$(SRCROOT)/StarWarsAPI_iOS22/resources/Info.plist";
				LD_RUNPATH_SEARCH_PATHS = (
					"$(inherited)",
					"@executable_path/Frameworks",
				);
				PRODUCT_BUNDLE_IDENTIFIER = "com.ramcomw.i2v.StarWarsAPI-iOS22";
				PRODUCT_NAME = "$(TARGET_NAME)";
				SWIFT_VERSION = 4.2;
				TARGETED_DEVICE_FAMILY = "1,2";
			};
			name = Debug;
		};
		476816BD217E284F00DBE635 /* Release */ = {
			isa = XCBuildConfiguration;
			buildSettings = {
				ASSETCATALOG_COMPILER_APPICON_NAME = AppIcon;
				CODE_SIGN_STYLE = Automatic;
				DEVELOPMENT_TEAM = L7AYJDAX2C;
				INFOPLIST_FILE = "$(SRCROOT)/StarWarsAPI_iOS22/resources/Info.plist";
				LD_RUNPATH_SEARCH_PATHS = (
					"$(inherited)",
					"@executable_path/Frameworks",
				);
				PRODUCT_BUNDLE_IDENTIFIER = "com.ramcomw.i2v.StarWarsAPI-iOS22";
				PRODUCT_NAME = "$(TARGET_NAME)";
				SWIFT_VERSION = 4.2;
				TARGETED_DEVICE_FAMILY = "1,2";
			};
			name = Release;
		};
/* End XCBuildConfiguration section */

/* Begin XCConfigurationList section */
		476816A4217E284B00DBE635 /* Build configuration list for PBXProject "StarWarsAPI_iOS22" */ = {
			isa = XCConfigurationList;
			buildConfigurations = (
				476816B9217E284F00DBE635 /* Debug */,
				476816BA217E284F00DBE635 /* Release */,
			);
			defaultConfigurationIsVisible = 0;
			defaultConfigurationName = Release;
		};
		476816BB217E284F00DBE635 /* Build configuration list for PBXNativeTarget "StarWarsAPI_iOS22" */ = {
			isa = XCConfigurationList;
			buildConfigurations = (
				476816BC217E284F00DBE635 /* Debug */,
				476816BD217E284F00DBE635 /* Release */,
			);
			defaultConfigurationIsVisible = 0;
			defaultConfigurationName = Release;
		};
/* End XCConfigurationList section */
	};
	rootObject = 476816A1217E284B00DBE635 /* Project object */;
}
